
Microsoft Visual Studio Solution File, Format Version 12.00
# Visual Studio 15
Project("{FAE04EC0-301F-11D3-BF4B-00C04F79EFBC}") = "KSP-Recall", "Source\KSP-Recall\KSP-Recall.csproj", "{40E7A5F2-C30E-43E9-B345-51971959149F}"
EndProject
Project("{FAE04EC0-301F-11D3-BF4B-00C04F79EFBC}") = "Driftless", "Source\Driftless\Driftless.csproj", "{736DD88D-D8C8-45C1-9079-864DFCBEC2EF}"
EndProject
Project("{FAE04EC0-301F-11D3-BF4B-00C04F79EFBC}") = "ChillingOut", "Source\ChillingOut\ChillingOut.csproj", "{BCB11210-C285-4919-A134-52F9136554AC}"
EndProject
Project("{FAE04EC0-301F-11D3-BF4B-00C04F79EFBC}") = "Attached", "Source\Attached\Attached.csproj", "{FE47E629-DB24-4518-B6A0-799BA3E758D6}"
EndProject
Project("{FAE04EC0-301F-11D3-BF4B-00C04F79EFBC}") = "Refunding", "Source\Refunding\Refunding.csproj", "{2B44F77A-4D5C-4704-B8CF-B5C94E040860}"
EndProject
Project("{FAE04EC0-301F-11D3-BF4B-00C04F79EFBC}") = "Resourceful", "Source\Resourceful\Resourceful.csproj", "{8BA5BC72-5727-4CDA-80CA-2F289AD48062}"
EndProject
Project("{FAE04EC0-301F-11D3-BF4B-00C04F79EFBC}") = "Tests", "Source\Tests\Tests.csproj", "{F3E6624A-9F1C-492A-93F0-9BB2E23CD6A6}"
EndProject
Project("{FAE04EC0-301F-11D3-BF4B-00C04F79EFBC}") = "AttachedOnEditor", "Source\AttachedOnEditor\AttachedOnEditor.csproj", "{2662DCCB-9576-47B0-91B0-088ED3B274DF}"
EndProject
Global
	GlobalSection(SolutionConfigurationPlatforms) = preSolution
		Debug|Any CPU = Debug|Any CPU
		Release|Any CPU = Release|Any CPU
	EndGlobalSection
	GlobalSection(ProjectConfigurationPlatforms) = postSolution
		{5DF4A87C-15E4-4C67-9314-02E7BDCB449D}.Debug|Any CPU.ActiveCfg = Debug|Any CPU
		{5DF4A87C-15E4-4C67-9314-02E7BDCB449D}.Debug|Any CPU.Build.0 = Debug|Any CPU
		{5DF4A87C-15E4-4C67-9314-02E7BDCB449D}.Release|Any CPU.ActiveCfg = Release|Any CPU
		{5DF4A87C-15E4-4C67-9314-02E7BDCB449D}.Release|Any CPU.Build.0 = Release|Any CPU
		{40E7A5F2-C30E-43E9-B345-51971959149F}.Debug|Any CPU.ActiveCfg = Debug|Any CPU
		{40E7A5F2-C30E-43E9-B345-51971959149F}.Debug|Any CPU.Build.0 = Debug|Any CPU
		{40E7A5F2-C30E-43E9-B345-51971959149F}.Release|Any CPU.ActiveCfg = Release|Any CPU
		{40E7A5F2-C30E-43E9-B345-51971959149F}.Release|Any CPU.Build.0 = Release|Any CPU
		{736DD88D-D8C8-45C1-9079-864DFCBEC2EF}.Debug|Any CPU.ActiveCfg = Debug|Any CPU
		{736DD88D-D8C8-45C1-9079-864DFCBEC2EF}.Debug|Any CPU.Build.0 = Debug|Any CPU
		{736DD88D-D8C8-45C1-9079-864DFCBEC2EF}.Release|Any CPU.ActiveCfg = Release|Any CPU
		{736DD88D-D8C8-45C1-9079-864DFCBEC2EF}.Release|Any CPU.Build.0 = Release|Any CPU
		{BCB11210-C285-4919-A134-52F9136554AC}.Debug|Any CPU.ActiveCfg = Debug|Any CPU
		{BCB11210-C285-4919-A134-52F9136554AC}.Debug|Any CPU.Build.0 = Debug|Any CPU
		{BCB11210-C285-4919-A134-52F9136554AC}.Release|Any CPU.ActiveCfg = Release|Any CPU
		{BCB11210-C285-4919-A134-52F9136554AC}.Release|Any CPU.Build.0 = Release|Any CPU
		{FE47E629-DB24-4518-B6A0-799BA3E758D6}.Debug|Any CPU.ActiveCfg = Debug|Any CPU
		{FE47E629-DB24-4518-B6A0-799BA3E758D6}.Debug|Any CPU.Build.0 = Debug|Any CPU
		{FE47E629-DB24-4518-B6A0-799BA3E758D6}.Release|Any CPU.ActiveCfg = Release|Any CPU
		{FE47E629-DB24-4518-B6A0-799BA3E758D6}.Release|Any CPU.Build.0 = Release|Any CPU
		{2B44F77A-4D5C-4704-B8CF-B5C94E040860}.Debug|Any CPU.ActiveCfg = Debug|Any CPU
		{2B44F77A-4D5C-4704-B8CF-B5C94E040860}.Debug|Any CPU.Build.0 = Debug|Any CPU
		{2B44F77A-4D5C-4704-B8CF-B5C94E040860}.Release|Any CPU.ActiveCfg = Release|Any CPU
		{2B44F77A-4D5C-4704-B8CF-B5C94E040860}.Release|Any CPU.Build.0 = Release|Any CPU
		{8BA5BC72-5727-4CDA-80CA-2F289AD48062}.Debug|Any CPU.ActiveCfg = Debug|Any CPU
		{8BA5BC72-5727-4CDA-80CA-2F289AD48062}.Debug|Any CPU.Build.0 = Debug|Any CPU
		{8BA5BC72-5727-4CDA-80CA-2F289AD48062}.Release|Any CPU.ActiveCfg = Release|Any CPU
		{8BA5BC72-5727-4CDA-80CA-2F289AD48062}.Release|Any CPU.Build.0 = Release|Any CPU
		{F3E6624A-9F1C-492A-93F0-9BB2E23CD6A6}.Debug|Any CPU.ActiveCfg = Debug|Any CPU
		{F3E6624A-9F1C-492A-93F0-9BB2E23CD6A6}.Debug|Any CPU.Build.0 = Debug|Any CPU
		{F3E6624A-9F1C-492A-93F0-9BB2E23CD6A6}.Release|Any CPU.ActiveCfg = Release|Any CPU
		{F3E6624A-9F1C-492A-93F0-9BB2E23CD6A6}.Release|Any CPU.Build.0 = Release|Any CPU
		{2662DCCB-9576-47B0-91B0-088ED3B274DF}.Debug|Any CPU.ActiveCfg = Debug|Any CPU
		{2662DCCB-9576-47B0-91B0-088ED3B274DF}.Debug|Any CPU.Build.0 = Debug|Any CPU
		{2662DCCB-9576-47B0-91B0-088ED3B274DF}.Release|Any CPU.ActiveCfg = Release|Any CPU
		{2662DCCB-9576-47B0-91B0-088ED3B274DF}.Release|Any CPU.Build.0 = Release|Any CPU
	EndGlobalSection
	GlobalSection(MonoDevelopProperties) = preSolution
		Policies = $0
		$0.TextStylePolicy = $1
		$1.inheritsSet = null
		$1.scope = text/x-csharp
		$0.CSharpFormattingPolicy = $2
		$2.scope = text/x-csharp
		$0.TextStylePolicy = $3
		$3.FileWidth = 132
		$3.EolMarker = Unix
		$3.scope = text/plain
	EndGlobalSection
EndGlobal
